
Microsoft Visual Studio Solution File, Format Version 12.00
# Visual Studio Version 17
VisualStudioVersion = 17.11.35222.181
MinimumVisualStudioVersion = 10.0.40219.1
Project("{FAE04EC0-301F-11D3-BF4B-00C04F79EFBC}") = "EmployeeApplication", "EmployeeApplication\EmployeeApplication.csproj", "{DBFEF854-3565-48D7-8138-CA497B81A44A}"
EndProject
Global
	GlobalSection(SolutionConfigurationPlatforms) = preSolution
		Debug|Any CPU = Debug|Any CPU
		Release|Any CPU = Release|Any CPU
	EndGlobalSection
	GlobalSection(ProjectConfigurationPlatforms) = postSolution
		{DBFEF854-3565-48D7-8138-CA497B81A44A}.Debug|Any CPU.ActiveCfg = Debug|Any CPU
		{DBFEF854-3565-48D7-8138-CA497B81A44A}.Debug|Any CPU.Build.0 = Debug|Any CPU
		{DBFEF854-3565-48D7-8138-CA497B81A44A}.Release|Any CPU.ActiveCfg = Release|Any CPU
		{DBFEF854-3565-48D7-8138-CA497B81A44A}.Release|Any CPU.Build.0 = Release|Any CPU
	EndGlobalSection
	GlobalSection(SolutionProperties) = preSolution
		HideSolutionNode = FALSE
	EndGlobalSection
	GlobalSection(ExtensibilityGlobals) = postSolution
		SolutionGuid = {520A5406-B0A1-4EDD-89E9-ABF1A30BCBE3}
	EndGlobalSection
EndGlobal
